
Microsoft Visual Studio Solution File, Format Version 12.00
# Visual Studio Version 17
VisualStudioVersion = 17.8.34525.116
MinimumVisualStudioVersion = 10.0.40219.1
Project("{FAE04EC0-301F-11D3-BF4B-00C04F79EFBC}") = "Lab 24 Danylko", "Lab 24 Danylko.csproj", "{D9334B37-839C-46DF-9ABB-8FAC773C42DE}"
EndProject
Global
	GlobalSection(SolutionConfigurationPlatforms) = preSolution
		Debug|Any CPU = Debug|Any CPU
		Release|Any CPU = Release|Any CPU
	EndGlobalSection
	GlobalSection(ProjectConfigurationPlatforms) = postSolution
		{D9334B37-839C-46DF-9ABB-8FAC773C42DE}.Debug|Any CPU.ActiveCfg = Debug|Any CPU
		{D9334B37-839C-46DF-9ABB-8FAC773C42DE}.Debug|Any CPU.Build.0 = Debug|Any CPU
		{D9334B37-839C-46DF-9ABB-8FAC773C42DE}.Release|Any CPU.ActiveCfg = Release|Any CPU
		{D9334B37-839C-46DF-9ABB-8FAC773C42DE}.Release|Any CPU.Build.0 = Release|Any CPU
	EndGlobalSection
	GlobalSection(SolutionProperties) = preSolution
		HideSolutionNode = FALSE
	EndGlobalSection
	GlobalSection(ExtensibilityGlobals) = postSolution
		SolutionGuid = {80374C7A-7066-4A78-87BD-34D0344335BC}
	EndGlobalSection
EndGlobal
